<Solution>
  <Folder Name="/examples/">
    <Project Path="examples/Formatextension.Demo/Formatextension.Demo.csproj" />
  </Folder>
  <Folder Name="/src/">
    <Project Path="src/Formatextension.Analyzers/Formatextension.Analyzers.csproj" />
  </Folder>
  <Folder Name="/tests/">
    <Project Path="tests/Formatextension.Analyzers.Tests/Formatextension.Analyzers.Tests.csproj" />
  </Folder>
</Solution>
