<Solution>
  <Folder Name="/examples/">
    <Project Path="examples/FormatExtension.Demo/FormatExtension.Demo.csproj" />
  </Folder>
  <Folder Name="/src/">
    <Project Path="src/FormatExtension.Analyzers/FormatExtension.Analyzers.csproj" />
  </Folder>
  <Folder Name="/tests/">
    <Project Path="tests/FormatExtension.Analyzers.Tests/FormatExtension.Analyzers.Tests.csproj" />
  </Folder>
</Solution>
